
Microsoft Visual Studio Solution File, Format Version 12.00
# Visual Studio 15
VisualStudioVersion = 15.0.28307.757
MinimumVisualStudioVersion = 10.0.40219.1
Project("{FAE04EC0-301F-11D3-BF4B-00C04F79EFBC}") = "Exercicio1", "Exercicio1\Exercicio1.csproj", "{71CF9A1B-E99F-466E-A36F-9FE14E8DA661}"
EndProject
Global
	GlobalSection(SolutionConfigurationPlatforms) = preSolution
		Debug|Any CPU = Debug|Any CPU
		Release|Any CPU = Release|Any CPU
	EndGlobalSection
	GlobalSection(ProjectConfigurationPlatforms) = postSolution
		{71CF9A1B-E99F-466E-A36F-9FE14E8DA661}.Debug|Any CPU.ActiveCfg = Debug|Any CPU
		{71CF9A1B-E99F-466E-A36F-9FE14E8DA661}.Debug|Any CPU.Build.0 = Debug|Any CPU
		{71CF9A1B-E99F-466E-A36F-9FE14E8DA661}.Release|Any CPU.ActiveCfg = Release|Any CPU
		{71CF9A1B-E99F-466E-A36F-9FE14E8DA661}.Release|Any CPU.Build.0 = Release|Any CPU
	EndGlobalSection
	GlobalSection(SolutionProperties) = preSolution
		HideSolutionNode = FALSE
	EndGlobalSection
	GlobalSection(ExtensibilityGlobals) = postSolution
		SolutionGuid = {729E7F9A-D0B3-4306-A204-C25668FEFB25}
	EndGlobalSection
EndGlobal
